
Microsoft Visual Studio Solution File, Format Version 12.00
# Visual Studio Express 2012 for Windows Desktop
Project("{FAE04EC0-301F-11D3-BF4B-00C04F79EFBC}") = "Business.Entities", "Bussiness.Entities\Business.Entities.csproj", "{6C470DB9-BF81-416B-85E9-7927EE8B9CF8}"
EndProject
Project("{FAE04EC0-301F-11D3-BF4B-00C04F79EFBC}") = "UI.Desktop", "UI.Desktop\UI.Desktop.csproj", "{F9902227-B731-4B0F-8DF0-4D262E36C49F}"
	ProjectSection(ProjectDependencies) = postProject
		{299DE447-7F40-47C8-9F4A-5CFBD10C6449} = {299DE447-7F40-47C8-9F4A-5CFBD10C6449}
		{6C470DB9-BF81-416B-85E9-7927EE8B9CF8} = {6C470DB9-BF81-416B-85E9-7927EE8B9CF8}
	EndProjectSection
EndProject
Project("{FAE04EC0-301F-11D3-BF4B-00C04F79EFBC}") = "Business.Logic", "Business.Logic\Business.Logic.csproj", "{299DE447-7F40-47C8-9F4A-5CFBD10C6449}"
	ProjectSection(ProjectDependencies) = postProject
		{164CEF77-BE15-4FF4-8D07-FF62B6B9BC95} = {164CEF77-BE15-4FF4-8D07-FF62B6B9BC95}
		{6C470DB9-BF81-416B-85E9-7927EE8B9CF8} = {6C470DB9-BF81-416B-85E9-7927EE8B9CF8}
	EndProjectSection
EndProject
Project("{FAE04EC0-301F-11D3-BF4B-00C04F79EFBC}") = "Data.Database", "Data.Database\Data.Database.csproj", "{01B7E0F9-272B-431D-981D-08BBE6A7E591}"
	ProjectSection(ProjectDependencies) = postProject
		{6C470DB9-BF81-416B-85E9-7927EE8B9CF8} = {6C470DB9-BF81-416B-85E9-7927EE8B9CF8}
	EndProjectSection
EndProject
Project("{FAE04EC0-301F-11D3-BF4B-00C04F79EFBC}") = "Utilidades", "Util\Utilidades.csproj", "{164CEF77-BE15-4FF4-8D07-FF62B6B9BC95}"
EndProject
Project("{E24C65DC-7377-472B-9ABA-BC803B73C61A}") = "UI.Web", "UI.Web\", "{E4902DFA-A4F4-46B8-BECE-36BF78E93A94}"
	ProjectSection(WebsiteProperties) = preProject
		TargetFramework = "3.5"
		ProjectReferences = "{6C470DB9-BF81-416B-85E9-7927EE8B9CF8}|Bussiness.Entities.dll;{299DE447-7F40-47C8-9F4A-5CFBD10C6449}|Business.Logic.dll;{164CEF77-BE15-4FF4-8D07-FF62B6B9BC95}|Util.dll;{01B7E0F9-272B-431D-981D-08BBE6A7E591}|Data.Database.dll;"
		Debug.AspNetCompiler.VirtualPath = "/UI.Web"
		Debug.AspNetCompiler.PhysicalPath = "UI.Web\"
		Debug.AspNetCompiler.TargetPath = "PrecompiledWeb\UI.Web\"
		Debug.AspNetCompiler.Updateable = "true"
		Debug.AspNetCompiler.ForceOverwrite = "true"
		Debug.AspNetCompiler.FixedNames = "false"
		Debug.AspNetCompiler.Debug = "True"
		Release.AspNetCompiler.VirtualPath = "/UI.Web"
		Release.AspNetCompiler.PhysicalPath = "UI.Web\"
		Release.AspNetCompiler.TargetPath = "PrecompiledWeb\UI.Web\"
		Release.AspNetCompiler.Updateable = "true"
		Release.AspNetCompiler.ForceOverwrite = "true"
		Release.AspNetCompiler.FixedNames = "false"
		Release.AspNetCompiler.Debug = "False"
		VWDPort = "62871"
	EndProjectSection
EndProject
Global
	GlobalSection(SolutionConfigurationPlatforms) = preSolution
		Debug|Any CPU = Debug|Any CPU
		Release|Any CPU = Release|Any CPU
	EndGlobalSection
	GlobalSection(ProjectConfigurationPlatforms) = postSolution
		{6C470DB9-BF81-416B-85E9-7927EE8B9CF8}.Debug|Any CPU.ActiveCfg = Debug|Any CPU
		{6C470DB9-BF81-416B-85E9-7927EE8B9CF8}.Debug|Any CPU.Build.0 = Debug|Any CPU
		{6C470DB9-BF81-416B-85E9-7927EE8B9CF8}.Release|Any CPU.ActiveCfg = Release|Any CPU
		{6C470DB9-BF81-416B-85E9-7927EE8B9CF8}.Release|Any CPU.Build.0 = Release|Any CPU
		{F9902227-B731-4B0F-8DF0-4D262E36C49F}.Debug|Any CPU.ActiveCfg = Debug|Any CPU
		{F9902227-B731-4B0F-8DF0-4D262E36C49F}.Debug|Any CPU.Build.0 = Debug|Any CPU
		{F9902227-B731-4B0F-8DF0-4D262E36C49F}.Release|Any CPU.ActiveCfg = Release|Any CPU
		{F9902227-B731-4B0F-8DF0-4D262E36C49F}.Release|Any CPU.Build.0 = Release|Any CPU
		{299DE447-7F40-47C8-9F4A-5CFBD10C6449}.Debug|Any CPU.ActiveCfg = Debug|Any CPU
		{299DE447-7F40-47C8-9F4A-5CFBD10C6449}.Debug|Any CPU.Build.0 = Debug|Any CPU
		{299DE447-7F40-47C8-9F4A-5CFBD10C6449}.Release|Any CPU.ActiveCfg = Release|Any CPU
		{299DE447-7F40-47C8-9F4A-5CFBD10C6449}.Release|Any CPU.Build.0 = Release|Any CPU
		{01B7E0F9-272B-431D-981D-08BBE6A7E591}.Debug|Any CPU.ActiveCfg = Debug|Any CPU
		{01B7E0F9-272B-431D-981D-08BBE6A7E591}.Debug|Any CPU.Build.0 = Debug|Any CPU
		{01B7E0F9-272B-431D-981D-08BBE6A7E591}.Release|Any CPU.ActiveCfg = Release|Any CPU
		{01B7E0F9-272B-431D-981D-08BBE6A7E591}.Release|Any CPU.Build.0 = Release|Any CPU
		{164CEF77-BE15-4FF4-8D07-FF62B6B9BC95}.Debug|Any CPU.ActiveCfg = Debug|Any CPU
		{164CEF77-BE15-4FF4-8D07-FF62B6B9BC95}.Debug|Any CPU.Build.0 = Debug|Any CPU
		{164CEF77-BE15-4FF4-8D07-FF62B6B9BC95}.Release|Any CPU.ActiveCfg = Release|Any CPU
		{164CEF77-BE15-4FF4-8D07-FF62B6B9BC95}.Release|Any CPU.Build.0 = Release|Any CPU
		{E4902DFA-A4F4-46B8-BECE-36BF78E93A94}.Debug|Any CPU.ActiveCfg = Debug|Any CPU
		{E4902DFA-A4F4-46B8-BECE-36BF78E93A94}.Debug|Any CPU.Build.0 = Debug|Any CPU
		{E4902DFA-A4F4-46B8-BECE-36BF78E93A94}.Release|Any CPU.ActiveCfg = Debug|Any CPU
		{E4902DFA-A4F4-46B8-BECE-36BF78E93A94}.Release|Any CPU.Build.0 = Debug|Any CPU
	EndGlobalSection
	GlobalSection(SolutionProperties) = preSolution
		HideSolutionNode = FALSE
	EndGlobalSection
EndGlobal
